// !$*UTF8*$!
{
	archiveVersion = 1;
	classes = {
	};
	objectVersion = 50;
	objects = {

/* Begin PBXBuildFile section */
		62FB6F85E8E2FA0D047B1B93 /* libPods-qingsonghuan.a in Frameworks */ = {isa = PBXBuildFile; fileRef = 4307095D2F6D8C5CFEA11FE7 /* libPods-qingsonghuan.a */; };
		6526D16121614A020074D358 /* MainReecordViewController.m in Sources */ = {isa = PBXBuildFile; fileRef = 6526D16021614A020074D358 /* MainReecordViewController.m */; };
		6526D16421614B8C0074D358 /* MainReecordTableViewCell.m in Sources */ = {isa = PBXBuildFile; fileRef = 6526D16321614B8C0074D358 /* MainReecordTableViewCell.m */; };
		652C0D112158228300BD03FC /* XYNetworking.m in Sources */ = {isa = PBXBuildFile; fileRef = 652C0D102158228300BD03FC /* XYNetworking.m */; };
		652C0D152159CB8800BD03FC /* FlightListViewController.m in Sources */ = {isa = PBXBuildFile; fileRef = 652C0D142159CB8700BD03FC /* FlightListViewController.m */; };
		652C0D192159CC3F00BD03FC /* UserModel.m in Sources */ = {isa = PBXBuildFile; fileRef = 652C0D182159CC3F00BD03FC /* UserModel.m */; };
		652C0D21215A351D00BD03FC /* RequestPath.m in Sources */ = {isa = PBXBuildFile; fileRef = 652C0D20215A351D00BD03FC /* RequestPath.m */; };
		652C0D29215A871900BD03FC /* SendCodeModel.m in Sources */ = {isa = PBXBuildFile; fileRef = 652C0D28215A871900BD03FC /* SendCodeModel.m */; };
		652FCBF0215D35BA009F41E8 /* XYErrorView.m in Sources */ = {isa = PBXBuildFile; fileRef = 652FCBEF215D35BA009F41E8 /* XYErrorView.m */; };
		652FCBF5215D3C99009F41E8 /* MJRefreshControl.m in Sources */ = {isa = PBXBuildFile; fileRef = 652FCBF3215D3C99009F41E8 /* MJRefreshControl.m */; };
		652FCBFB215D3D3E009F41E8 /* XYPickerDateViewController.m in Sources */ = {isa = PBXBuildFile; fileRef = 652FCBF8215D3D3E009F41E8 /* XYPickerDateViewController.m */; };
		652FCBFC215D3D3E009F41E8 /* XYPickerViewController.m in Sources */ = {isa = PBXBuildFile; fileRef = 652FCBFA215D3D3E009F41E8 /* XYPickerViewController.m */; };
		652FCBFF215D3D63009F41E8 /* XYPickerHeaderView.m in Sources */ = {isa = PBXBuildFile; fileRef = 652FCBFE215D3D63009F41E8 /* XYPickerHeaderView.m */; };
		652FCC02215DC3E6009F41E8 /* FlightHeaderView.m in Sources */ = {isa = PBXBuildFile; fileRef = 652FCC01215DC3E6009F41E8 /* FlightHeaderView.m */; };
		652FCC05215DD201009F41E8 /* FlightListModel.m in Sources */ = {isa = PBXBuildFile; fileRef = 652FCC04215DD201009F41E8 /* FlightListModel.m */; };
		652FCC09215DF5B3009F41E8 /* RegisterTableViewCell.m in Sources */ = {isa = PBXBuildFile; fileRef = 652FCC08215DF5B3009F41E8 /* RegisterTableViewCell.m */; };
		652FCC0F215E089B009F41E8 /* RegisterModel.m in Sources */ = {isa = PBXBuildFile; fileRef = 652FCC0E215E089B009F41E8 /* RegisterModel.m */; };
		652FCC15215F159A009F41E8 /* RegNeedInfoModel.m in Sources */ = {isa = PBXBuildFile; fileRef = 652FCC13215F159A009F41E8 /* RegNeedInfoModel.m */; };
		652FCC19215F1608009F41E8 /* XYAlertViewTool.m in Sources */ = {isa = PBXBuildFile; fileRef = 652FCC18215F1608009F41E8 /* XYAlertViewTool.m */; };
		652FCC1D215F5A75009F41E8 /* MailListViewController.m in Sources */ = {isa = PBXBuildFile; fileRef = 652FCC1C215F5A75009F41E8 /* MailListViewController.m */; };
		652FCC21215F5AFB009F41E8 /* MailListTableViewCell.m in Sources */ = {isa = PBXBuildFile; fileRef = 652FCC20215F5AFB009F41E8 /* MailListTableViewCell.m */; };
		652FCC25215F5E39009F41E8 /* MailListModel.m in Sources */ = {isa = PBXBuildFile; fileRef = 652FCC24215F5E39009F41E8 /* MailListModel.m */; };
		655FA5CB21662350009625B0 /* ManagerViewController.m in Sources */ = {isa = PBXBuildFile; fileRef = 655FA5CA21662350009625B0 /* ManagerViewController.m */; };
		655FA5CF21667678009625B0 /* ManagerTableViewCell.m in Sources */ = {isa = PBXBuildFile; fileRef = 655FA5CE21667678009625B0 /* ManagerTableViewCell.m */; };
		655FA5D221667854009625B0 /* RegNumberViewController.m in Sources */ = {isa = PBXBuildFile; fileRef = 655FA5D121667854009625B0 /* RegNumberViewController.m */; };
		655FA5D5216679A6009625B0 /* ManagerCommonTableViewCell.m in Sources */ = {isa = PBXBuildFile; fileRef = 655FA5D4216679A6009625B0 /* ManagerCommonTableViewCell.m */; };
		655FA5D921667C11009625B0 /* ManagerCommonModel.m in Sources */ = {isa = PBXBuildFile; fileRef = 655FA5D821667C11009625B0 /* ManagerCommonModel.m */; };
		655FA5DC21668320009625B0 /* DeviceViewController.m in Sources */ = {isa = PBXBuildFile; fileRef = 655FA5DB21668320009625B0 /* DeviceViewController.m */; };
		655FA5DF2166867E009625B0 /* DeviceTableViewCell.m in Sources */ = {isa = PBXBuildFile; fileRef = 655FA5DE2166867E009625B0 /* DeviceTableViewCell.m */; };
		655FA5E22166885F009625B0 /* AdviceViewController.m in Sources */ = {isa = PBXBuildFile; fileRef = 655FA5E12166885F009625B0 /* AdviceViewController.m */; };
		655FA5E5216688A1009625B0 /* AdviceTableViewCell.m in Sources */ = {isa = PBXBuildFile; fileRef = 655FA5E4216688A1009625B0 /* AdviceTableViewCell.m */; };
		655FA5E821668BB7009625B0 /* AdviceListModel.m in Sources */ = {isa = PBXBuildFile; fileRef = 655FA5E721668BB7009625B0 /* AdviceListModel.m */; };
		655FA5EB2166906B009625B0 /* AdviceDetailViewController.m in Sources */ = {isa = PBXBuildFile; fileRef = 655FA5EA2166906B009625B0 /* AdviceDetailViewController.m */; };
		655FA5EE2166937B009625B0 /* UserListViewController.m in Sources */ = {isa = PBXBuildFile; fileRef = 655FA5ED2166937B009625B0 /* UserListViewController.m */; };
		655FA5F12166941E009625B0 /* UserListTableViewCell.m in Sources */ = {isa = PBXBuildFile; fileRef = 655FA5F02166941E009625B0 /* UserListTableViewCell.m */; };
		655FA5F421669976009625B0 /* UserListModel.m in Sources */ = {isa = PBXBuildFile; fileRef = 655FA5F321669976009625B0 /* UserListModel.m */; };
		655FA5F721672160009625B0 /* NoticeViewController.m in Sources */ = {isa = PBXBuildFile; fileRef = 655FA5F621672160009625B0 /* NoticeViewController.m */; };
		655FA5FA216B20CB009625B0 /* NoticeDetailViewController.m in Sources */ = {isa = PBXBuildFile; fileRef = 655FA5F9216B20CB009625B0 /* NoticeDetailViewController.m */; };
		655FA5FD216B2167009625B0 /* NoticeTableViewCell.m in Sources */ = {isa = PBXBuildFile; fileRef = 655FA5FC216B2167009625B0 /* NoticeTableViewCell.m */; };
		655FA60B216BA8B8009625B0 /* NoticeListModel.m in Sources */ = {isa = PBXBuildFile; fileRef = 655FA60A216BA8B8009625B0 /* NoticeListModel.m */; };
		65D0CA3F214F9AFD00A3DB66 /* AppDelegate.m in Sources */ = {isa = PBXBuildFile; fileRef = 65D0CA3E214F9AFD00A3DB66 /* AppDelegate.m */; };
		65D0CA47214F9B0000A3DB66 /* Assets.xcassets in Resources */ = {isa = PBXBuildFile; fileRef = 65D0CA46214F9B0000A3DB66 /* Assets.xcassets */; };
		65D0CA4D214F9B0000A3DB66 /* main.m in Sources */ = {isa = PBXBuildFile; fileRef = 65D0CA4C214F9B0000A3DB66 /* main.m */; };
		65D0CA652151ECEE00A3DB66 /* MBProgressHUD+Helper.m in Sources */ = {isa = PBXBuildFile; fileRef = 65D0CA5B2151ECEE00A3DB66 /* MBProgressHUD+Helper.m */; };
		65D0CA662151ECEE00A3DB66 /* NSString+Helper.m in Sources */ = {isa = PBXBuildFile; fileRef = 65D0CA5D2151ECEE00A3DB66 /* NSString+Helper.m */; };
		65D0CA672151ECEE00A3DB66 /* NSDate+Helper.m in Sources */ = {isa = PBXBuildFile; fileRef = 65D0CA602151ECEE00A3DB66 /* NSDate+Helper.m */; };
		65D0CA682151ECEE00A3DB66 /* UIView+Helper.m in Sources */ = {isa = PBXBuildFile; fileRef = 65D0CA642151ECEE00A3DB66 /* UIView+Helper.m */; };
		65D0CA6C2151EEE000A3DB66 /* BaseViewController.m in Sources */ = {isa = PBXBuildFile; fileRef = 65D0CA6B2151EEE000A3DB66 /* BaseViewController.m */; };
		65D0CA6F2151EF0B00A3DB66 /* CustomNavigationViewController.m in Sources */ = {isa = PBXBuildFile; fileRef = 65D0CA6E2151EF0B00A3DB66 /* CustomNavigationViewController.m */; };
		65D0CA742151F08200A3DB66 /* LoginViewController.m in Sources */ = {isa = PBXBuildFile; fileRef = 65D0CA732151F08200A3DB66 /* LoginViewController.m */; };
		65D0CA7F21521F7600A3DB66 /* XYTextField.m in Sources */ = {isa = PBXBuildFile; fileRef = 65D0CA7E21521F7600A3DB66 /* XYTextField.m */; };
		65D0CA82215233AC00A3DB66 /* RegisterViewController.m in Sources */ = {isa = PBXBuildFile; fileRef = 65D0CA81215233AC00A3DB66 /* RegisterViewController.m */; };
		65D0CA852153439F00A3DB66 /* XYLineView.m in Sources */ = {isa = PBXBuildFile; fileRef = 65D0CA842153439F00A3DB66 /* XYLineView.m */; };
		65D0CA8921536D6E00A3DB66 /* UIColor+Helper.m in Sources */ = {isa = PBXBuildFile; fileRef = 65D0CA8821536D6E00A3DB66 /* UIColor+Helper.m */; };
		65D0CA95215487CE00A3DB66 /* UILabel+Helper.m in Sources */ = {isa = PBXBuildFile; fileRef = 65D0CA94215487CE00A3DB66 /* UILabel+Helper.m */; };
		65D0CA98215489F700A3DB66 /* BaseMultiViewController.m in Sources */ = {isa = PBXBuildFile; fileRef = 65D0CA97215489F700A3DB66 /* BaseMultiViewController.m */; };
		65D0CA9C21548AB100A3DB66 /* UIButton+Helper.m in Sources */ = {isa = PBXBuildFile; fileRef = 65D0CA9B21548AB100A3DB66 /* UIButton+Helper.m */; };
		65D0CA9F2154B80D00A3DB66 /* ForgetViewController.m in Sources */ = {isa = PBXBuildFile; fileRef = 65D0CA9E2154B80D00A3DB66 /* ForgetViewController.m */; };
		65D6BEBF215FDE12002ABFDF /* MailReadViewController.m in Sources */ = {isa = PBXBuildFile; fileRef = 65D6BEBE215FDE12002ABFDF /* MailReadViewController.m */; };
		65D6BEC521606F08002ABFDF /* MailReadlHeaderView.m in Sources */ = {isa = PBXBuildFile; fileRef = 65D6BEC421606F08002ABFDF /* MailReadlHeaderView.m */; };
		65D6BEC821609229002ABFDF /* MailFlightView.m in Sources */ = {isa = PBXBuildFile; fileRef = 65D6BEC721609229002ABFDF /* MailFlightView.m */; };
		65D6BECB21609460002ABFDF /* XYTitleView.m in Sources */ = {isa = PBXBuildFile; fileRef = 65D6BECA21609460002ABFDF /* XYTitleView.m */; };
		65D6BECE2160A03F002ABFDF /* MailReadModel.m in Sources */ = {isa = PBXBuildFile; fileRef = 65D6BECD2160A03F002ABFDF /* MailReadModel.m */; };
		65D6BED22160C154002ABFDF /* MineViewController.m in Sources */ = {isa = PBXBuildFile; fileRef = 65D6BED12160C154002ABFDF /* MineViewController.m */; };
		65D6BED62160C6B0002ABFDF /* MineTableViewCell.m in Sources */ = {isa = PBXBuildFile; fileRef = 65D6BED52160C6B0002ABFDF /* MineTableViewCell.m */; };
		65F28A4821628B8E00C229B1 /* RegisterEditViewController.m in Sources */ = {isa = PBXBuildFile; fileRef = 65F28A4721628B8E00C229B1 /* RegisterEditViewController.m */; };
		65F28A4B2163198F00C229B1 /* MailWriteViewController.m in Sources */ = {isa = PBXBuildFile; fileRef = 65F28A4A2163198F00C229B1 /* MailWriteViewController.m */; };
		65F28A4E21631BA300C229B1 /* XYTextView.m in Sources */ = {isa = PBXBuildFile; fileRef = 65F28A4D21631BA300C229B1 /* XYTextView.m */; };
		65F28A5121636F2E00C229B1 /* MineConnectionViewController.m in Sources */ = {isa = PBXBuildFile; fileRef = 65F28A5021636F2E00C229B1 /* MineConnectionViewController.m */; };
		65F28A532164D72300C229B1 /* Main.storyboard in Resources */ = {isa = PBXBuildFile; fileRef = 65F28A522164D72300C229B1 /* Main.storyboard */; };
		65F870F1215B7F3600DD1F59 /* FlightListTableViewCell.m in Sources */ = {isa = PBXBuildFile; fileRef = 65F870F0215B7F3600DD1F59 /* FlightListTableViewCell.m */; };
		65F870F7215B90DF00DD1F59 /* FlightFilterViewController.m in Sources */ = {isa = PBXBuildFile; fileRef = 65F870F6215B90DF00DD1F59 /* FlightFilterViewController.m */; };
		65F870FD215BB8E500DD1F59 /* CommonTableViewCell.m in Sources */ = {isa = PBXBuildFile; fileRef = 65F870FC215BB8E500DD1F59 /* CommonTableViewCell.m */; };
		65F87104215C874800DD1F59 /* FlightFilterModel.m in Sources */ = {isa = PBXBuildFile; fileRef = 65F87103215C874800DD1F59 /* FlightFilterModel.m */; };
		65F87110215CC5FB00DD1F59 /* FlightListDetailViewController.m in Sources */ = {isa = PBXBuildFile; fileRef = 65F8710F215CC5FB00DD1F59 /* FlightListDetailViewController.m */; };
		65F87113215CC6E600DD1F59 /* FlightListDetailTableViewCell.m in Sources */ = {isa = PBXBuildFile; fileRef = 65F87112215CC6E600DD1F59 /* FlightListDetailTableViewCell.m */; };
		65F87116215CD69200DD1F59 /* FlightSubmitViewController.m in Sources */ = {isa = PBXBuildFile; fileRef = 65F87115215CD69200DD1F59 /* FlightSubmitViewController.m */; };
/* End PBXBuildFile section */

/* Begin PBXFileReference section */
		4234196DFA256330D83651D7 /* Pods-qingsonghuan.debug.xcconfig */ = {isa = PBXFileReference; includeInIndex = 1; lastKnownFileType = text.xcconfig; name = "Pods-qingsonghuan.debug.xcconfig"; path = "Pods/Target Support Files/Pods-qingsonghuan/Pods-qingsonghuan.debug.xcconfig"; sourceTree = "<group>"; };
		4307095D2F6D8C5CFEA11FE7 /* libPods-qingsonghuan.a */ = {isa = PBXFileReference; explicitFileType = archive.ar; includeInIndex = 0; path = "libPods-qingsonghuan.a"; sourceTree = BUILT_PRODUCTS_DIR; };
		6526D15F21614A020074D358 /* MainReecordViewController.h */ = {isa = PBXFileReference; lastKnownFileType = sourcecode.c.h; path = MainReecordViewController.h; sourceTree = "<group>"; };
		6526D16021614A020074D358 /* MainReecordViewController.m */ = {isa = PBXFileReference; lastKnownFileType = sourcecode.c.objc; path = MainReecordViewController.m; sourceTree = "<group>"; };
		6526D16221614B8C0074D358 /* MainReecordTableViewCell.h */ = {isa = PBXFileReference; lastKnownFileType = sourcecode.c.h; path = MainReecordTableViewCell.h; sourceTree = "<group>"; };
		6526D16321614B8C0074D358 /* MainReecordTableViewCell.m */ = {isa = PBXFileReference; lastKnownFileType = sourcecode.c.objc; path = MainReecordTableViewCell.m; sourceTree = "<group>"; };
		652C0D0F2158228300BD03FC /* XYNetworking.h */ = {isa = PBXFileReference; lastKnownFileType = sourcecode.c.h; path = XYNetworking.h; sourceTree = "<group>"; };
		652C0D102158228300BD03FC /* XYNetworking.m */ = {isa = PBXFileReference; lastKnownFileType = sourcecode.c.objc; path = XYNetworking.m; sourceTree = "<group>"; };
		652C0D132159CB8700BD03FC /* FlightListViewController.h */ = {isa = PBXFileReference; lastKnownFileType = sourcecode.c.h; path = FlightListViewController.h; sourceTree = "<group>"; };
		652C0D142159CB8700BD03FC /* FlightListViewController.m */ = {isa = PBXFileReference; lastKnownFileType = sourcecode.c.objc; path = FlightListViewController.m; sourceTree = "<group>"; };
		652C0D172159CC3F00BD03FC /* UserModel.h */ = {isa = PBXFileReference; lastKnownFileType = sourcecode.c.h; path = UserModel.h; sourceTree = "<group>"; };
		652C0D182159CC3F00BD03FC /* UserModel.m */ = {isa = PBXFileReference; lastKnownFileType = sourcecode.c.objc; path = UserModel.m; sourceTree = "<group>"; };
		652C0D1F215A351D00BD03FC /* RequestPath.h */ = {isa = PBXFileReference; lastKnownFileType = sourcecode.c.h; path = RequestPath.h; sourceTree = "<group>"; };
		652C0D20215A351D00BD03FC /* RequestPath.m */ = {isa = PBXFileReference; lastKnownFileType = sourcecode.c.objc; path = RequestPath.m; sourceTree = "<group>"; };
		652C0D22215A364400BD03FC /* RequestMacros.h */ = {isa = PBXFileReference; lastKnownFileType = sourcecode.c.h; path = RequestMacros.h; sourceTree = "<group>"; };
		652C0D27215A871900BD03FC /* SendCodeModel.h */ = {isa = PBXFileReference; lastKnownFileType = sourcecode.c.h; path = SendCodeModel.h; sourceTree = "<group>"; };
		652C0D28215A871900BD03FC /* SendCodeModel.m */ = {isa = PBXFileReference; lastKnownFileType = sourcecode.c.objc; path = SendCodeModel.m; sourceTree = "<group>"; };
		652FCBEE215D35BA009F41E8 /* XYErrorView.h */ = {isa = PBXFileReference; lastKnownFileType = sourcecode.c.h; path = XYErrorView.h; sourceTree = "<group>"; };
		652FCBEF215D35BA009F41E8 /* XYErrorView.m */ = {isa = PBXFileReference; lastKnownFileType = sourcecode.c.objc; path = XYErrorView.m; sourceTree = "<group>"; };
		652FCBF3215D3C99009F41E8 /* MJRefreshControl.m */ = {isa = PBXFileReference; fileEncoding = 4; lastKnownFileType = sourcecode.c.objc; path = MJRefreshControl.m; sourceTree = "<group>"; };
		652FCBF4215D3C99009F41E8 /* MJRefreshControl.h */ = {isa = PBXFileReference; fileEncoding = 4; lastKnownFileType = sourcecode.c.h; path = MJRefreshControl.h; sourceTree = "<group>"; };
		652FCBF7215D3D3E009F41E8 /* XYPickerDateViewController.h */ = {isa = PBXFileReference; fileEncoding = 4; lastKnownFileType = sourcecode.c.h; path = XYPickerDateViewController.h; sourceTree = "<group>"; };
		652FCBF8215D3D3E009F41E8 /* XYPickerDateViewController.m */ = {isa = PBXFileReference; fileEncoding = 4; lastKnownFileType = sourcecode.c.objc; path = XYPickerDateViewController.m; sourceTree = "<group>"; };
		652FCBF9215D3D3E009F41E8 /* XYPickerViewController.h */ = {isa = PBXFileReference; fileEncoding = 4; lastKnownFileType = sourcecode.c.h; path = XYPickerViewController.h; sourceTree = "<group>"; };
		652FCBFA215D3D3E009F41E8 /* XYPickerViewController.m */ = {isa = PBXFileReference; fileEncoding = 4; lastKnownFileType = sourcecode.c.objc; path = XYPickerViewController.m; sourceTree = "<group>"; };
		652FCBFD215D3D63009F41E8 /* XYPickerHeaderView.h */ = {isa = PBXFileReference; fileEncoding = 4; lastKnownFileType = sourcecode.c.h; path = XYPickerHeaderView.h; sourceTree = "<group>"; };
		652FCBFE215D3D63009F41E8 /* XYPickerHeaderView.m */ = {isa = PBXFileReference; fileEncoding = 4; lastKnownFileType = sourcecode.c.objc; path = XYPickerHeaderView.m; sourceTree = "<group>"; };
		652FCC00215DC3E6009F41E8 /* FlightHeaderView.h */ = {isa = PBXFileReference; lastKnownFileType = sourcecode.c.h; path = FlightHeaderView.h; sourceTree = "<group>"; };
		652FCC01215DC3E6009F41E8 /* FlightHeaderView.m */ = {isa = PBXFileReference; lastKnownFileType = sourcecode.c.objc; path = FlightHeaderView.m; sourceTree = "<group>"; };
		652FCC03215DD201009F41E8 /* FlightListModel.h */ = {isa = PBXFileReference; lastKnownFileType = sourcecode.c.h; path = FlightListModel.h; sourceTree = "<group>"; };
		652FCC04215DD201009F41E8 /* FlightListModel.m */ = {isa = PBXFileReference; lastKnownFileType = sourcecode.c.objc; path = FlightListModel.m; sourceTree = "<group>"; };
		652FCC07215DF5B3009F41E8 /* RegisterTableViewCell.h */ = {isa = PBXFileReference; lastKnownFileType = sourcecode.c.h; path = RegisterTableViewCell.h; sourceTree = "<group>"; };
		652FCC08215DF5B3009F41E8 /* RegisterTableViewCell.m */ = {isa = PBXFileReference; lastKnownFileType = sourcecode.c.objc; path = RegisterTableViewCell.m; sourceTree = "<group>"; };
		652FCC0D215E089B009F41E8 /* RegisterModel.h */ = {isa = PBXFileReference; lastKnownFileType = sourcecode.c.h; path = RegisterModel.h; sourceTree = "<group>"; };
		652FCC0E215E089B009F41E8 /* RegisterModel.m */ = {isa = PBXFileReference; lastKnownFileType = sourcecode.c.objc; path = RegisterModel.m; sourceTree = "<group>"; };
		652FCC13215F159A009F41E8 /* RegNeedInfoModel.m */ = {isa = PBXFileReference; fileEncoding = 4; lastKnownFileType = sourcecode.c.objc; path = RegNeedInfoModel.m; sourceTree = "<group>"; };
		652FCC14215F159A009F41E8 /* RegNeedInfoModel.h */ = {isa = PBXFileReference; fileEncoding = 4; lastKnownFileType = sourcecode.c.h; path = RegNeedInfoModel.h; sourceTree = "<group>"; };
		652FCC17215F1608009F41E8 /* XYAlertViewTool.h */ = {isa = PBXFileReference; lastKnownFileType = sourcecode.c.h; path = XYAlertViewTool.h; sourceTree = "<group>"; };
		652FCC18215F1608009F41E8 /* XYAlertViewTool.m */ = {isa = PBXFileReference; lastKnownFileType = sourcecode.c.objc; path = XYAlertViewTool.m; sourceTree = "<group>"; };
		652FCC1B215F5A75009F41E8 /* MailListViewController.h */ = {isa = PBXFileReference; lastKnownFileType = sourcecode.c.h; path = MailListViewController.h; sourceTree = "<group>"; };
		652FCC1C215F5A75009F41E8 /* MailListViewController.m */ = {isa = PBXFileReference; lastKnownFileType = sourcecode.c.objc; path = MailListViewController.m; sourceTree = "<group>"; };
		652FCC1F215F5AFB009F41E8 /* MailListTableViewCell.h */ = {isa = PBXFileReference; lastKnownFileType = sourcecode.c.h; path = MailListTableViewCell.h; sourceTree = "<group>"; };
		652FCC20215F5AFB009F41E8 /* MailListTableViewCell.m */ = {isa = PBXFileReference; lastKnownFileType = sourcecode.c.objc; path = MailListTableViewCell.m; sourceTree = "<group>"; };
		652FCC23215F5E39009F41E8 /* MailListModel.h */ = {isa = PBXFileReference; lastKnownFileType = sourcecode.c.h; path = MailListModel.h; sourceTree = "<group>"; };
		652FCC24215F5E39009F41E8 /* MailListModel.m */ = {isa = PBXFileReference; lastKnownFileType = sourcecode.c.objc; path = MailListModel.m; sourceTree = "<group>"; };
		655FA5C921662350009625B0 /* ManagerViewController.h */ = {isa = PBXFileReference; lastKnownFileType = sourcecode.c.h; path = ManagerViewController.h; sourceTree = "<group>"; };
		655FA5CA21662350009625B0 /* ManagerViewController.m */ = {isa = PBXFileReference; lastKnownFileType = sourcecode.c.objc; path = ManagerViewController.m; sourceTree = "<group>"; };
		655FA5CD21667678009625B0 /* ManagerTableViewCell.h */ = {isa = PBXFileReference; lastKnownFileType = sourcecode.c.h; path = ManagerTableViewCell.h; sourceTree = "<group>"; };
		655FA5CE21667678009625B0 /* ManagerTableViewCell.m */ = {isa = PBXFileReference; lastKnownFileType = sourcecode.c.objc; path = ManagerTableViewCell.m; sourceTree = "<group>"; };
		655FA5D021667854009625B0 /* RegNumberViewController.h */ = {isa = PBXFileReference; lastKnownFileType = sourcecode.c.h; path = RegNumberViewController.h; sourceTree = "<group>"; };
		655FA5D121667854009625B0 /* RegNumberViewController.m */ = {isa = PBXFileReference; lastKnownFileType = sourcecode.c.objc; path = RegNumberViewController.m; sourceTree = "<group>"; };
		655FA5D3216679A6009625B0 /* ManagerCommonTableViewCell.h */ = {isa = PBXFileReference; lastKnownFileType = sourcecode.c.h; path = ManagerCommonTableViewCell.h; sourceTree = "<group>"; };
		655FA5D4216679A6009625B0 /* ManagerCommonTableViewCell.m */ = {isa = PBXFileReference; lastKnownFileType = sourcecode.c.objc; path = ManagerCommonTableViewCell.m; sourceTree = "<group>"; };
		655FA5D721667C11009625B0 /* ManagerCommonModel.h */ = {isa = PBXFileReference; lastKnownFileType = sourcecode.c.h; path = ManagerCommonModel.h; sourceTree = "<group>"; };
		655FA5D821667C11009625B0 /* ManagerCommonModel.m */ = {isa = PBXFileReference; lastKnownFileType = sourcecode.c.objc; path = ManagerCommonModel.m; sourceTree = "<group>"; };
		655FA5DA21668320009625B0 /* DeviceViewController.h */ = {isa = PBXFileReference; lastKnownFileType = sourcecode.c.h; path = DeviceViewController.h; sourceTree = "<group>"; };
		655FA5DB21668320009625B0 /* DeviceViewController.m */ = {isa = PBXFileReference; lastKnownFileType = sourcecode.c.objc; path = DeviceViewController.m; sourceTree = "<group>"; };
		655FA5DD2166867E009625B0 /* DeviceTableViewCell.h */ = {isa = PBXFileReference; lastKnownFileType = sourcecode.c.h; path = DeviceTableViewCell.h; sourceTree = "<group>"; };
		655FA5DE2166867E009625B0 /* DeviceTableViewCell.m */ = {isa = PBXFileReference; lastKnownFileType = sourcecode.c.objc; path = DeviceTableViewCell.m; sourceTree = "<group>"; };
		655FA5E02166885F009625B0 /* AdviceViewController.h */ = {isa = PBXFileReference; lastKnownFileType = sourcecode.c.h; path = AdviceViewController.h; sourceTree = "<group>"; };
		655FA5E12166885F009625B0 /* AdviceViewController.m */ = {isa = PBXFileReference; lastKnownFileType = sourcecode.c.objc; path = AdviceViewController.m; sourceTree = "<group>"; };
		655FA5E3216688A1009625B0 /* AdviceTableViewCell.h */ = {isa = PBXFileReference; lastKnownFileType = sourcecode.c.h; path = AdviceTableViewCell.h; sourceTree = "<group>"; };
		655FA5E4216688A1009625B0 /* AdviceTableViewCell.m */ = {isa = PBXFileReference; lastKnownFileType = sourcecode.c.objc; path = AdviceTableViewCell.m; sourceTree = "<group>"; };
		655FA5E621668BB7009625B0 /* AdviceListModel.h */ = {isa = PBXFileReference; lastKnownFileType = sourcecode.c.h; path = AdviceListModel.h; sourceTree = "<group>"; };
		655FA5E721668BB7009625B0 /* AdviceListModel.m */ = {isa = PBXFileReference; lastKnownFileType = sourcecode.c.objc; path = AdviceListModel.m; sourceTree = "<group>"; };
		655FA5E92166906B009625B0 /* AdviceDetailViewController.h */ = {isa = PBXFileReference; lastKnownFileType = sourcecode.c.h; path = AdviceDetailViewController.h; sourceTree = "<group>"; };
		655FA5EA2166906B009625B0 /* AdviceDetailViewController.m */ = {isa = PBXFileReference; lastKnownFileType = sourcecode.c.objc; path = AdviceDetailViewController.m; sourceTree = "<group>"; };
		655FA5EC2166937B009625B0 /* UserListViewController.h */ = {isa = PBXFileReference; lastKnownFileType = sourcecode.c.h; path = UserListViewController.h; sourceTree = "<group>"; };
		655FA5ED2166937B009625B0 /* UserListViewController.m */ = {isa = PBXFileReference; lastKnownFileType = sourcecode.c.objc; path = UserListViewController.m; sourceTree = "<group>"; };
		655FA5EF2166941E009625B0 /* UserListTableViewCell.h */ = {isa = PBXFileReference; lastKnownFileType = sourcecode.c.h; path = UserListTableViewCell.h; sourceTree = "<group>"; };
		655FA5F02166941E009625B0 /* UserListTableViewCell.m */ = {isa = PBXFileReference; lastKnownFileType = sourcecode.c.objc; path = UserListTableViewCell.m; sourceTree = "<group>"; };
		655FA5F221669976009625B0 /* UserListModel.h */ = {isa = PBXFileReference; lastKnownFileType = sourcecode.c.h; path = UserListModel.h; sourceTree = "<group>"; };
		655FA5F321669976009625B0 /* UserListModel.m */ = {isa = PBXFileReference; lastKnownFileType = sourcecode.c.objc; path = UserListModel.m; sourceTree = "<group>"; };
		655FA5F521672160009625B0 /* NoticeViewController.h */ = {isa = PBXFileReference; lastKnownFileType = sourcecode.c.h; path = NoticeViewController.h; sourceTree = "<group>"; };
		655FA5F621672160009625B0 /* NoticeViewController.m */ = {isa = PBXFileReference; lastKnownFileType = sourcecode.c.objc; path = NoticeViewController.m; sourceTree = "<group>"; };
		655FA5F8216B20CB009625B0 /* NoticeDetailViewController.h */ = {isa = PBXFileReference; lastKnownFileType = sourcecode.c.h; path = NoticeDetailViewController.h; sourceTree = "<group>"; };
		655FA5F9216B20CB009625B0 /* NoticeDetailViewController.m */ = {isa = PBXFileReference; lastKnownFileType = sourcecode.c.objc; path = NoticeDetailViewController.m; sourceTree = "<group>"; };
		655FA5FB216B2167009625B0 /* NoticeTableViewCell.h */ = {isa = PBXFileReference; lastKnownFileType = sourcecode.c.h; path = NoticeTableViewCell.h; sourceTree = "<group>"; };
		655FA5FC216B2167009625B0 /* NoticeTableViewCell.m */ = {isa = PBXFileReference; lastKnownFileType = sourcecode.c.objc; path = NoticeTableViewCell.m; sourceTree = "<group>"; };
		655FA609216BA8B8009625B0 /* NoticeListModel.h */ = {isa = PBXFileReference; lastKnownFileType = sourcecode.c.h; path = NoticeListModel.h; sourceTree = "<group>"; };
		655FA60A216BA8B8009625B0 /* NoticeListModel.m */ = {isa = PBXFileReference; lastKnownFileType = sourcecode.c.objc; path = NoticeListModel.m; sourceTree = "<group>"; };
		65D0CA3A214F9AFD00A3DB66 /* qingsonghuan.app */ = {isa = PBXFileReference; explicitFileType = wrapper.application; includeInIndex = 0; path = qingsonghuan.app; sourceTree = BUILT_PRODUCTS_DIR; };
		65D0CA3D214F9AFD00A3DB66 /* AppDelegate.h */ = {isa = PBXFileReference; lastKnownFileType = sourcecode.c.h; path = AppDelegate.h; sourceTree = "<group>"; };
		65D0CA3E214F9AFD00A3DB66 /* AppDelegate.m */ = {isa = PBXFileReference; lastKnownFileType = sourcecode.c.objc; path = AppDelegate.m; sourceTree = "<group>"; };
		65D0CA46214F9B0000A3DB66 /* Assets.xcassets */ = {isa = PBXFileReference; lastKnownFileType = folder.assetcatalog; path = Assets.xcassets; sourceTree = "<group>"; };
		65D0CA4B214F9B0000A3DB66 /* Info.plist */ = {isa = PBXFileReference; lastKnownFileType = text.plist.xml; path = Info.plist; sourceTree = "<group>"; };
		65D0CA4C214F9B0000A3DB66 /* main.m */ = {isa = PBXFileReference; lastKnownFileType = sourcecode.c.objc; path = main.m; sourceTree = "<group>"; };
		65D0CA542151ECDA00A3DB66 /* UtilsMacros.h */ = {isa = PBXFileReference; fileEncoding = 4; lastKnownFileType = sourcecode.c.h; path = UtilsMacros.h; sourceTree = "<group>"; };
		65D0CA552151ECDA00A3DB66 /* PathMacros.h */ = {isa = PBXFileReference; fileEncoding = 4; lastKnownFileType = sourcecode.c.h; path = PathMacros.h; sourceTree = "<group>"; };
		65D0CA562151ECDA00A3DB66 /* PrefixHeader.pch */ = {isa = PBXFileReference; fileEncoding = 4; lastKnownFileType = sourcecode.c.h; path = PrefixHeader.pch; sourceTree = "<group>"; };
		65D0CA572151ECDA00A3DB66 /* DimensMacros.h */ = {isa = PBXFileReference; fileEncoding = 4; lastKnownFileType = sourcecode.c.h; path = DimensMacros.h; sourceTree = "<group>"; };
		65D0CA5A2151ECEE00A3DB66 /* MBProgressHUD+Helper.h */ = {isa = PBXFileReference; fileEncoding = 4; lastKnownFileType = sourcecode.c.h; path = "MBProgressHUD+Helper.h"; sourceTree = "<group>"; };
		65D0CA5B2151ECEE00A3DB66 /* MBProgressHUD+Helper.m */ = {isa = PBXFileReference; fileEncoding = 4; lastKnownFileType = sourcecode.c.objc; path = "MBProgressHUD+Helper.m"; sourceTree = "<group>"; };
		65D0CA5D2151ECEE00A3DB66 /* NSString+Helper.m */ = {isa = PBXFileReference; fileEncoding = 4; lastKnownFileType = sourcecode.c.objc; path = "NSString+Helper.m"; sourceTree = "<group>"; };
		65D0CA5E2151ECEE00A3DB66 /* NSString+Helper.h */ = {isa = PBXFileReference; fileEncoding = 4; lastKnownFileType = sourcecode.c.h; path = "NSString+Helper.h"; sourceTree = "<group>"; };
		65D0CA602151ECEE00A3DB66 /* NSDate+Helper.m */ = {isa = PBXFileReference; fileEncoding = 4; lastKnownFileType = sourcecode.c.objc; path = "NSDate+Helper.m"; sourceTree = "<group>"; };
		65D0CA612151ECEE00A3DB66 /* NSDate+Helper.h */ = {isa = PBXFileReference; fileEncoding = 4; lastKnownFileType = sourcecode.c.h; path = "NSDate+Helper.h"; sourceTree = "<group>"; };
		65D0CA632151ECEE00A3DB66 /* UIView+Helper.h */ = {isa = PBXFileReference; fileEncoding = 4; lastKnownFileType = sourcecode.c.h; path = "UIView+Helper.h"; sourceTree = "<group>"; };
		65D0CA642151ECEE00A3DB66 /* UIView+Helper.m */ = {isa = PBXFileReference; fileEncoding = 4; lastKnownFileType = sourcecode.c.objc; path = "UIView+Helper.m"; sourceTree = "<group>"; };
		65D0CA6A2151EEE000A3DB66 /* BaseViewController.h */ = {isa = PBXFileReference; lastKnownFileType = sourcecode.c.h; path = BaseViewController.h; sourceTree = "<group>"; };
		65D0CA6B2151EEE000A3DB66 /* BaseViewController.m */ = {isa = PBXFileReference; lastKnownFileType = sourcecode.c.objc; path = BaseViewController.m; sourceTree = "<group>"; };
		65D0CA6D2151EF0B00A3DB66 /* CustomNavigationViewController.h */ = {isa = PBXFileReference; lastKnownFileType = sourcecode.c.h; path = CustomNavigationViewController.h; sourceTree = "<group>"; };
		65D0CA6E2151EF0B00A3DB66 /* CustomNavigationViewController.m */ = {isa = PBXFileReference; lastKnownFileType = sourcecode.c.objc; path = CustomNavigationViewController.m; sourceTree = "<group>"; };
		65D0CA722151F08200A3DB66 /* LoginViewController.h */ = {isa = PBXFileReference; lastKnownFileType = sourcecode.c.h; path = LoginViewController.h; sourceTree = "<group>"; };
		65D0CA732151F08200A3DB66 /* LoginViewController.m */ = {isa = PBXFileReference; lastKnownFileType = sourcecode.c.objc; path = LoginViewController.m; sourceTree = "<group>"; };
		65D0CA7D21521F7600A3DB66 /* XYTextField.h */ = {isa = PBXFileReference; lastKnownFileType = sourcecode.c.h; path = XYTextField.h; sourceTree = "<group>"; };
		65D0CA7E21521F7600A3DB66 /* XYTextField.m */ = {isa = PBXFileReference; lastKnownFileType = sourcecode.c.objc; path = XYTextField.m; sourceTree = "<group>"; };
		65D0CA80215233AC00A3DB66 /* RegisterViewController.h */ = {isa = PBXFileReference; lastKnownFileType = sourcecode.c.h; path = RegisterViewController.h; sourceTree = "<group>"; };
		65D0CA81215233AC00A3DB66 /* RegisterViewController.m */ = {isa = PBXFileReference; lastKnownFileType = sourcecode.c.objc; path = RegisterViewController.m; sourceTree = "<group>"; };
		65D0CA832153439F00A3DB66 /* XYLineView.h */ = {isa = PBXFileReference; lastKnownFileType = sourcecode.c.h; path = XYLineView.h; sourceTree = "<group>"; };
		65D0CA842153439F00A3DB66 /* XYLineView.m */ = {isa = PBXFileReference; lastKnownFileType = sourcecode.c.objc; path = XYLineView.m; sourceTree = "<group>"; };
		65D0CA8721536D6E00A3DB66 /* UIColor+Helper.h */ = {isa = PBXFileReference; lastKnownFileType = sourcecode.c.h; path = "UIColor+Helper.h"; sourceTree = "<group>"; };
		65D0CA8821536D6E00A3DB66 /* UIColor+Helper.m */ = {isa = PBXFileReference; lastKnownFileType = sourcecode.c.objc; path = "UIColor+Helper.m"; sourceTree = "<group>"; };
		65D0CA93215487CE00A3DB66 /* UILabel+Helper.h */ = {isa = PBXFileReference; lastKnownFileType = sourcecode.c.h; path = "UILabel+Helper.h"; sourceTree = "<group>"; };
		65D0CA94215487CE00A3DB66 /* UILabel+Helper.m */ = {isa = PBXFileReference; lastKnownFileType = sourcecode.c.objc; path = "UILabel+Helper.m"; sourceTree = "<group>"; };
		65D0CA96215489F700A3DB66 /* BaseMultiViewController.h */ = {isa = PBXFileReference; lastKnownFileType = sourcecode.c.h; path = BaseMultiViewController.h; sourceTree = "<group>"; };
		65D0CA97215489F700A3DB66 /* BaseMultiViewController.m */ = {isa = PBXFileReference; lastKnownFileType = sourcecode.c.objc; path = BaseMultiViewController.m; sourceTree = "<group>"; };
		65D0CA9A21548AB100A3DB66 /* UIButton+Helper.h */ = {isa = PBXFileReference; lastKnownFileType = sourcecode.c.h; path = "UIButton+Helper.h"; sourceTree = "<group>"; };
		65D0CA9B21548AB100A3DB66 /* UIButton+Helper.m */ = {isa = PBXFileReference; lastKnownFileType = sourcecode.c.objc; path = "UIButton+Helper.m"; sourceTree = "<group>"; };
		65D0CA9D2154B80C00A3DB66 /* ForgetViewController.h */ = {isa = PBXFileReference; lastKnownFileType = sourcecode.c.h; path = ForgetViewController.h; sourceTree = "<group>"; };
		65D0CA9E2154B80D00A3DB66 /* ForgetViewController.m */ = {isa = PBXFileReference; lastKnownFileType = sourcecode.c.objc; path = ForgetViewController.m; sourceTree = "<group>"; };
		65D6BEBD215FDE12002ABFDF /* MailReadViewController.h */ = {isa = PBXFileReference; lastKnownFileType = sourcecode.c.h; path = MailReadViewController.h; sourceTree = "<group>"; };
		65D6BEBE215FDE12002ABFDF /* MailReadViewController.m */ = {isa = PBXFileReference; lastKnownFileType = sourcecode.c.objc; path = MailReadViewController.m; sourceTree = "<group>"; };
		65D6BEC321606F08002ABFDF /* MailReadlHeaderView.h */ = {isa = PBXFileReference; lastKnownFileType = sourcecode.c.h; path = MailReadlHeaderView.h; sourceTree = "<group>"; };
		65D6BEC421606F08002ABFDF /* MailReadlHeaderView.m */ = {isa = PBXFileReference; lastKnownFileType = sourcecode.c.objc; path = MailReadlHeaderView.m; sourceTree = "<group>"; };
		65D6BEC621609229002ABFDF /* MailFlightView.h */ = {isa = PBXFileReference; lastKnownFileType = sourcecode.c.h; path = MailFlightView.h; sourceTree = "<group>"; };
		65D6BEC721609229002ABFDF /* MailFlightView.m */ = {isa = PBXFileReference; lastKnownFileType = sourcecode.c.objc; path = MailFlightView.m; sourceTree = "<group>"; };
		65D6BEC921609460002ABFDF /* XYTitleView.h */ = {isa = PBXFileReference; lastKnownFileType = sourcecode.c.h; path = XYTitleView.h; sourceTree = "<group>"; };
		65D6BECA21609460002ABFDF /* XYTitleView.m */ = {isa = PBXFileReference; lastKnownFileType = sourcecode.c.objc; path = XYTitleView.m; sourceTree = "<group>"; };
		65D6BECC2160A03F002ABFDF /* MailReadModel.h */ = {isa = PBXFileReference; lastKnownFileType = sourcecode.c.h; path = MailReadModel.h; sourceTree = "<group>"; };
		65D6BECD2160A03F002ABFDF /* MailReadModel.m */ = {isa = PBXFileReference; lastKnownFileType = sourcecode.c.objc; path = MailReadModel.m; sourceTree = "<group>"; };
		65D6BED02160C154002ABFDF /* MineViewController.h */ = {isa = PBXFileReference; lastKnownFileType = sourcecode.c.h; path = MineViewController.h; sourceTree = "<group>"; };
		65D6BED12160C154002ABFDF /* MineViewController.m */ = {isa = PBXFileReference; lastKnownFileType = sourcecode.c.objc; path = MineViewController.m; sourceTree = "<group>"; };
		65D6BED42160C6B0002ABFDF /* MineTableViewCell.h */ = {isa = PBXFileReference; lastKnownFileType = sourcecode.c.h; path = MineTableViewCell.h; sourceTree = "<group>"; };
		65D6BED52160C6B0002ABFDF /* MineTableViewCell.m */ = {isa = PBXFileReference; lastKnownFileType = sourcecode.c.objc; path = MineTableViewCell.m; sourceTree = "<group>"; };
		65F28A4621628B8E00C229B1 /* RegisterEditViewController.h */ = {isa = PBXFileReference; lastKnownFileType = sourcecode.c.h; path = RegisterEditViewController.h; sourceTree = "<group>"; };
		65F28A4721628B8E00C229B1 /* RegisterEditViewController.m */ = {isa = PBXFileReference; lastKnownFileType = sourcecode.c.objc; path = RegisterEditViewController.m; sourceTree = "<group>"; };
		65F28A492163198F00C229B1 /* MailWriteViewController.h */ = {isa = PBXFileReference; lastKnownFileType = sourcecode.c.h; path = MailWriteViewController.h; sourceTree = "<group>"; };
		65F28A4A2163198F00C229B1 /* MailWriteViewController.m */ = {isa = PBXFileReference; lastKnownFileType = sourcecode.c.objc; path = MailWriteViewController.m; sourceTree = "<group>"; };
		65F28A4C21631BA300C229B1 /* XYTextView.h */ = {isa = PBXFileReference; lastKnownFileType = sourcecode.c.h; path = XYTextView.h; sourceTree = "<group>"; };
		65F28A4D21631BA300C229B1 /* XYTextView.m */ = {isa = PBXFileReference; lastKnownFileType = sourcecode.c.objc; path = XYTextView.m; sourceTree = "<group>"; };
		65F28A4F21636F2E00C229B1 /* MineConnectionViewController.h */ = {isa = PBXFileReference; lastKnownFileType = sourcecode.c.h; path = MineConnectionViewController.h; sourceTree = "<group>"; };
		65F28A5021636F2E00C229B1 /* MineConnectionViewController.m */ = {isa = PBXFileReference; lastKnownFileType = sourcecode.c.objc; path = MineConnectionViewController.m; sourceTree = "<group>"; };
		65F28A522164D72300C229B1 /* Main.storyboard */ = {isa = PBXFileReference; lastKnownFileType = file.storyboard; path = Main.storyboard; sourceTree = "<group>"; };
		65F870EF215B7F3600DD1F59 /* FlightListTableViewCell.h */ = {isa = PBXFileReference; lastKnownFileType = sourcecode.c.h; path = FlightListTableViewCell.h; sourceTree = "<group>"; };
		65F870F0215B7F3600DD1F59 /* FlightListTableViewCell.m */ = {isa = PBXFileReference; lastKnownFileType = sourcecode.c.objc; path = FlightListTableViewCell.m; sourceTree = "<group>"; };
		65F870F5215B90DF00DD1F59 /* FlightFilterViewController.h */ = {isa = PBXFileReference; lastKnownFileType = sourcecode.c.h; path = FlightFilterViewController.h; sourceTree = "<group>"; };
		65F870F6215B90DF00DD1F59 /* FlightFilterViewController.m */ = {isa = PBXFileReference; lastKnownFileType = sourcecode.c.objc; path = FlightFilterViewController.m; sourceTree = "<group>"; };
		65F870FB215BB8E500DD1F59 /* CommonTableViewCell.h */ = {isa = PBXFileReference; lastKnownFileType = sourcecode.c.h; path = CommonTableViewCell.h; sourceTree = "<group>"; };
		65F870FC215BB8E500DD1F59 /* CommonTableViewCell.m */ = {isa = PBXFileReference; lastKnownFileType = sourcecode.c.objc; path = CommonTableViewCell.m; sourceTree = "<group>"; };
		65F87102215C874800DD1F59 /* FlightFilterModel.h */ = {isa = PBXFileReference; lastKnownFileType = sourcecode.c.h; path = FlightFilterModel.h; sourceTree = "<group>"; };
		65F87103215C874800DD1F59 /* FlightFilterModel.m */ = {isa = PBXFileReference; lastKnownFileType = sourcecode.c.objc; path = FlightFilterModel.m; sourceTree = "<group>"; };
		65F8710E215CC5FB00DD1F59 /* FlightListDetailViewController.h */ = {isa = PBXFileReference; lastKnownFileType = sourcecode.c.h; path = FlightListDetailViewController.h; sourceTree = "<group>"; };
		65F8710F215CC5FB00DD1F59 /* FlightListDetailViewController.m */ = {isa = PBXFileReference; lastKnownFileType = sourcecode.c.objc; path = FlightListDetailViewController.m; sourceTree = "<group>"; };
		65F87111215CC6E600DD1F59 /* FlightListDetailTableViewCell.h */ = {isa = PBXFileReference; lastKnownFileType = sourcecode.c.h; path = FlightListDetailTableViewCell.h; sourceTree = "<group>"; };
		65F87112215CC6E600DD1F59 /* FlightListDetailTableViewCell.m */ = {isa = PBXFileReference; lastKnownFileType = sourcecode.c.objc; path = FlightListDetailTableViewCell.m; sourceTree = "<group>"; };
		65F87114215CD69200DD1F59 /* FlightSubmitViewController.h */ = {isa = PBXFileReference; lastKnownFileType = sourcecode.c.h; path = FlightSubmitViewController.h; sourceTree = "<group>"; };
		65F87115215CD69200DD1F59 /* FlightSubmitViewController.m */ = {isa = PBXFileReference; lastKnownFileType = sourcecode.c.objc; path = FlightSubmitViewController.m; sourceTree = "<group>"; };
		BF01A99C77AD457283247280 /* Pods-qingsonghuan.release.xcconfig */ = {isa = PBXFileReference; includeInIndex = 1; lastKnownFileType = text.xcconfig; name = "Pods-qingsonghuan.release.xcconfig"; path = "Pods/Target Support Files/Pods-qingsonghuan/Pods-qingsonghuan.release.xcconfig"; sourceTree = "<group>"; };
/* End PBXFileReference section */

/* Begin PBXFrameworksBuildPhase section */
		65D0CA37214F9AFD00A3DB66 /* Frameworks */ = {
			isa = PBXFrameworksBuildPhase;
			buildActionMask = 2147483647;
			files = (
				62FB6F85E8E2FA0D047B1B93 /* libPods-qingsonghuan.a in Frameworks */,
			);
			runOnlyForDeploymentPostprocessing = 0;
		};
/* End PBXFrameworksBuildPhase section */

/* Begin PBXGroup section */
		652C0D0E2158217900BD03FC /* Network */ = {
			isa = PBXGroup;
			children = (
				652C0D0F2158228300BD03FC /* XYNetworking.h */,
				652C0D102158228300BD03FC /* XYNetworking.m */,
				652C0D1F215A351D00BD03FC /* RequestPath.h */,
				652C0D20215A351D00BD03FC /* RequestPath.m */,
			);
			path = Network;
			sourceTree = "<group>";
		};
		652C0D122159CAE000BD03FC /* Flight */ = {
			isa = PBXGroup;
			children = (
				65F87101215C840900DD1F59 /* Model */,
				65F870EE215B7F2800DD1F59 /* View */,
				652C0D132159CB8700BD03FC /* FlightListViewController.h */,
				652C0D142159CB8700BD03FC /* FlightListViewController.m */,
				65F870F5215B90DF00DD1F59 /* FlightFilterViewController.h */,
				65F870F6215B90DF00DD1F59 /* FlightFilterViewController.m */,
				65F8710E215CC5FB00DD1F59 /* FlightListDetailViewController.h */,
				65F8710F215CC5FB00DD1F59 /* FlightListDetailViewController.m */,
				65F87114215CD69200DD1F59 /* FlightSubmitViewController.h */,
				65F87115215CD69200DD1F59 /* FlightSubmitViewController.m */,
			);
			path = Flight;
			sourceTree = "<group>";
		};
		652C0D162159CC2F00BD03FC /* CommonModel */ = {
			isa = PBXGroup;
			children = (
				652C0D172159CC3F00BD03FC /* UserModel.h */,
				652C0D182159CC3F00BD03FC /* UserModel.m */,
				652FCC14215F159A009F41E8 /* RegNeedInfoModel.h */,
				652FCC13215F159A009F41E8 /* RegNeedInfoModel.m */,
			);
			path = CommonModel;
			sourceTree = "<group>";
		};
		652C0D23215A399700BD03FC /* Model */ = {
			isa = PBXGroup;
			children = (
				652C0D27215A871900BD03FC /* SendCodeModel.h */,
				652C0D28215A871900BD03FC /* SendCodeModel.m */,
				652FCC0D215E089B009F41E8 /* RegisterModel.h */,
				652FCC0E215E089B009F41E8 /* RegisterModel.m */,
			);
			path = Model;
			sourceTree = "<group>";
		};
		652FCBF1215D3C8E009F41E8 /* Tools */ = {
			isa = PBXGroup;
			children = (
				652FCC16215F15F5009F41E8 /* AlertViewTool */,
				652FCBF6215D3D24009F41E8 /* PickerTool */,
				652FCBF2215D3C99009F41E8 /* MJRefreshControl */,
			);
			path = Tools;
			sourceTree = "<group>";
		};
		652FCBF2215D3C99009F41E8 /* MJRefreshControl */ = {
			isa = PBXGroup;
			children = (
				652FCBF4215D3C99009F41E8 /* MJRefreshControl.h */,
				652FCBF3215D3C99009F41E8 /* MJRefreshControl.m */,
			);
			path = MJRefreshControl;
			sourceTree = "<group>";
		};
		652FCBF6215D3D24009F41E8 /* PickerTool */ = {
			isa = PBXGroup;
			children = (
				652FCBFD215D3D63009F41E8 /* XYPickerHeaderView.h */,
				652FCBFE215D3D63009F41E8 /* XYPickerHeaderView.m */,
				652FCBF7215D3D3E009F41E8 /* XYPickerDateViewController.h */,
				652FCBF8215D3D3E009F41E8 /* XYPickerDateViewController.m */,
				652FCBF9215D3D3E009F41E8 /* XYPickerViewController.h */,
				652FCBFA215D3D3E009F41E8 /* XYPickerViewController.m */,
			);
			path = PickerTool;
			sourceTree = "<group>";
		};
		652FCC06215DF59F009F41E8 /* View */ = {
			isa = PBXGroup;
			children = (
				652FCC07215DF5B3009F41E8 /* RegisterTableViewCell.h */,
				652FCC08215DF5B3009F41E8 /* RegisterTableViewCell.m */,
			);
			path = View;
			sourceTree = "<group>";
		};
		652FCC16215F15F5009F41E8 /* AlertViewTool */ = {
			isa = PBXGroup;
			children = (
				652FCC17215F1608009F41E8 /* XYAlertViewTool.h */,
				652FCC18215F1608009F41E8 /* XYAlertViewTool.m */,
			);
			path = AlertViewTool;
			sourceTree = "<group>";
		};
		652FCC1A215F5A0D009F41E8 /* Mail */ = {
			isa = PBXGroup;
			children = (
				652FCC22215F5E1E009F41E8 /* Model */,
				652FCC1E215F5AEF009F41E8 /* View */,
				652FCC1B215F5A75009F41E8 /* MailListViewController.h */,
				652FCC1C215F5A75009F41E8 /* MailListViewController.m */,
				65D6BEBD215FDE12002ABFDF /* MailReadViewController.h */,
				65D6BEBE215FDE12002ABFDF /* MailReadViewController.m */,
				65F28A492163198F00C229B1 /* MailWriteViewController.h */,
				65F28A4A2163198F00C229B1 /* MailWriteViewController.m */,
			);
			path = Mail;
			sourceTree = "<group>";
		};
		652FCC1E215F5AEF009F41E8 /* View */ = {
			isa = PBXGroup;
			children = (
				652FCC1F215F5AFB009F41E8 /* MailListTableViewCell.h */,
				652FCC20215F5AFB009F41E8 /* MailListTableViewCell.m */,
				65D6BEC321606F08002ABFDF /* MailReadlHeaderView.h */,
				65D6BEC421606F08002ABFDF /* MailReadlHeaderView.m */,
				65D6BEC621609229002ABFDF /* MailFlightView.h */,
				65D6BEC721609229002ABFDF /* MailFlightView.m */,
			);
			path = View;
			sourceTree = "<group>";
		};
		652FCC22215F5E1E009F41E8 /* Model */ = {
			isa = PBXGroup;
			children = (
				652FCC23215F5E39009F41E8 /* MailListModel.h */,
				652FCC24215F5E39009F41E8 /* MailListModel.m */,
				65D6BECC2160A03F002ABFDF /* MailReadModel.h */,
				65D6BECD2160A03F002ABFDF /* MailReadModel.m */,
			);
			path = Model;
			sourceTree = "<group>";
		};
		655FA5C821662340009625B0 /* Manager */ = {
			isa = PBXGroup;
			children = (
				655FA5D621667BFB009625B0 /* Model */,
				655FA5CC2166766A009625B0 /* View */,
				655FA5C921662350009625B0 /* ManagerViewController.h */,
				655FA5CA21662350009625B0 /* ManagerViewController.m */,
				655FA5D021667854009625B0 /* RegNumberViewController.h */,
				655FA5D121667854009625B0 /* RegNumberViewController.m */,
				655FA5DA21668320009625B0 /* DeviceViewController.h */,
				655FA5DB21668320009625B0 /* DeviceViewController.m */,
				655FA5E02166885F009625B0 /* AdviceViewController.h */,
				655FA5E12166885F009625B0 /* AdviceViewController.m */,
				655FA5E92166906B009625B0 /* AdviceDetailViewController.h */,
				655FA5EA2166906B009625B0 /* AdviceDetailViewController.m */,
				655FA5EC2166937B009625B0 /* UserListViewController.h */,
				655FA5ED2166937B009625B0 /* UserListViewController.m */,
			);
			path = Manager;
			sourceTree = "<group>";
		};
		655FA5CC2166766A009625B0 /* View */ = {
			isa = PBXGroup;
			children = (
				655FA5CD21667678009625B0 /* ManagerTableViewCell.h */,
				655FA5CE21667678009625B0 /* ManagerTableViewCell.m */,
				655FA5D3216679A6009625B0 /* ManagerCommonTableViewCell.h */,
				655FA5D4216679A6009625B0 /* ManagerCommonTableViewCell.m */,
				655FA5DD2166867E009625B0 /* DeviceTableViewCell.h */,
				655FA5DE2166867E009625B0 /* DeviceTableViewCell.m */,
				655FA5E3216688A1009625B0 /* AdviceTableViewCell.h */,
				655FA5E4216688A1009625B0 /* AdviceTableViewCell.m */,
				655FA5EF2166941E009625B0 /* UserListTableViewCell.h */,
				655FA5F02166941E009625B0 /* UserListTableViewCell.m */,
			);
			path = View;
			sourceTree = "<group>";
		};
		655FA5D621667BFB009625B0 /* Model */ = {
			isa = PBXGroup;
			children = (
				655FA5D721667C11009625B0 /* ManagerCommonModel.h */,
				655FA5D821667C11009625B0 /* ManagerCommonModel.m */,
				655FA5E621668BB7009625B0 /* AdviceListModel.h */,
				655FA5E721668BB7009625B0 /* AdviceListModel.m */,
				655FA5F221669976009625B0 /* UserListModel.h */,
				655FA5F321669976009625B0 /* UserListModel.m */,
			);
			path = Model;
			sourceTree = "<group>";
		};
		655FA608216BA8AA009625B0 /* Model */ = {
			isa = PBXGroup;
			children = (
				655FA609216BA8B8009625B0 /* NoticeListModel.h */,
				655FA60A216BA8B8009625B0 /* NoticeListModel.m */,
			);
			path = Model;
			sourceTree = "<group>";
		};
		65D0CA31214F9AFC00A3DB66 = {
			isa = PBXGroup;
			children = (
				65D0CA3C214F9AFD00A3DB66 /* qingsonghuan */,
				65D0CA3B214F9AFD00A3DB66 /* Products */,
				C3C59CE863CB23F8891A4D36 /* Pods */,
				978D342F849E3CA3DEF5C5BF /* Frameworks */,
			);
			sourceTree = "<group>";
		};
		65D0CA3B214F9AFD00A3DB66 /* Products */ = {
			isa = PBXGroup;
			children = (
				65D0CA3A214F9AFD00A3DB66 /* qingsonghuan.app */,
			);
			name = Products;
			sourceTree = "<group>";
		};
		65D0CA3C214F9AFD00A3DB66 /* qingsonghuan */ = {
			isa = PBXGroup;
			children = (
				65D0CA532151ECDA00A3DB66 /* Macros */,
				652C0D0E2158217900BD03FC /* Network */,
				652FCBF1215D3C8E009F41E8 /* Tools */,
				65D0CA582151ECEE00A3DB66 /* Category */,
				65D0CA692151EDFE00A3DB66 /* BaseViewControllers */,
				652C0D162159CC2F00BD03FC /* CommonModel */,
				65D0CA7921521ECD00A3DB66 /* CommonView */,
				65D0CA702151F06200A3DB66 /* Controllers */,
				65D0CA3D214F9AFD00A3DB66 /* AppDelegate.h */,
				65D0CA3E214F9AFD00A3DB66 /* AppDelegate.m */,
				65D0CA46214F9B0000A3DB66 /* Assets.xcassets */,
				65F28A522164D72300C229B1 /* Main.storyboard */,
				65D0CA4B214F9B0000A3DB66 /* Info.plist */,
				65D0CA4C214F9B0000A3DB66 /* main.m */,
			);
			path = qingsonghuan;
			sourceTree = "<group>";
		};
		65D0CA532151ECDA00A3DB66 /* Macros */ = {
			isa = PBXGroup;
			children = (
				65D0CA562151ECDA00A3DB66 /* PrefixHeader.pch */,
				65D0CA542151ECDA00A3DB66 /* UtilsMacros.h */,
				652C0D22215A364400BD03FC /* RequestMacros.h */,
				65D0CA552151ECDA00A3DB66 /* PathMacros.h */,
				65D0CA572151ECDA00A3DB66 /* DimensMacros.h */,
			);
			path = Macros;
			sourceTree = "<group>";
		};
		65D0CA582151ECEE00A3DB66 /* Category */ = {
			isa = PBXGroup;
			children = (
				65D0CA9921548AA400A3DB66 /* UIButton+Helper */,
				65D0CA92215487C200A3DB66 /* UILabel+Helper */,
				65D0CA8621536D5B00A3DB66 /* UIColor+Helper */,
				65D0CA592151ECEE00A3DB66 /* MBProgressHUD+Helper */,
				65D0CA5C2151ECEE00A3DB66 /* NSString+Helper */,
				65D0CA5F2151ECEE00A3DB66 /* NSDate+Helper */,
				65D0CA622151ECEE00A3DB66 /* UIView+Helper */,
			);
			path = Category;
			sourceTree = "<group>";
		};
		65D0CA592151ECEE00A3DB66 /* MBProgressHUD+Helper */ = {
			isa = PBXGroup;
			children = (
				65D0CA5A2151ECEE00A3DB66 /* MBProgressHUD+Helper.h */,
				65D0CA5B2151ECEE00A3DB66 /* MBProgressHUD+Helper.m */,
			);
			path = "MBProgressHUD+Helper";
			sourceTree = "<group>";
		};
		65D0CA5C2151ECEE00A3DB66 /* NSString+Helper */ = {
			isa = PBXGroup;
			children = (
				65D0CA5E2151ECEE00A3DB66 /* NSString+Helper.h */,
				65D0CA5D2151ECEE00A3DB66 /* NSString+Helper.m */,
			);
			path = "NSString+Helper";
			sourceTree = "<group>";
		};
		65D0CA5F2151ECEE00A3DB66 /* NSDate+Helper */ = {
			isa = PBXGroup;
			children = (
				65D0CA612151ECEE00A3DB66 /* NSDate+Helper.h */,
				65D0CA602151ECEE00A3DB66 /* NSDate+Helper.m */,
			);
			path = "NSDate+Helper";
			sourceTree = "<group>";
		};
		65D0CA622151ECEE00A3DB66 /* UIView+Helper */ = {
			isa = PBXGroup;
			children = (
				65D0CA632151ECEE00A3DB66 /* UIView+Helper.h */,
				65D0CA642151ECEE00A3DB66 /* UIView+Helper.m */,
			);
			path = "UIView+Helper";
			sourceTree = "<group>";
		};
		65D0CA692151EDFE00A3DB66 /* BaseViewControllers */ = {
			isa = PBXGroup;
			children = (
				65D0CA6A2151EEE000A3DB66 /* BaseViewController.h */,
				65D0CA6B2151EEE000A3DB66 /* BaseViewController.m */,
				65D0CA96215489F700A3DB66 /* BaseMultiViewController.h */,
				65D0CA97215489F700A3DB66 /* BaseMultiViewController.m */,
				65D0CA6D2151EF0B00A3DB66 /* CustomNavigationViewController.h */,
				65D0CA6E2151EF0B00A3DB66 /* CustomNavigationViewController.m */,
			);
			path = BaseViewControllers;
			sourceTree = "<group>";
		};
		65D0CA702151F06200A3DB66 /* Controllers */ = {
			isa = PBXGroup;
			children = (
				655FA5C821662340009625B0 /* Manager */,
				65D6BECF2160C141002ABFDF /* Mine */,
				652FCC1A215F5A0D009F41E8 /* Mail */,
				652C0D122159CAE000BD03FC /* Flight */,
				65D0CA712151F07100A3DB66 /* Login */,
			);
			path = Controllers;
			sourceTree = "<group>";
		};
		65D0CA712151F07100A3DB66 /* Login */ = {
			isa = PBXGroup;
			children = (
				652FCC06215DF59F009F41E8 /* View */,
				652C0D23215A399700BD03FC /* Model */,
				65D0CA722151F08200A3DB66 /* LoginViewController.h */,
				65D0CA732151F08200A3DB66 /* LoginViewController.m */,
				65D0CA80215233AC00A3DB66 /* RegisterViewController.h */,
				65D0CA81215233AC00A3DB66 /* RegisterViewController.m */,
				65D0CA9D2154B80C00A3DB66 /* ForgetViewController.h */,
				65D0CA9E2154B80D00A3DB66 /* ForgetViewController.m */,
			);
			path = Login;
			sourceTree = "<group>";
		};
		65D0CA7921521ECD00A3DB66 /* CommonView */ = {
			isa = PBXGroup;
			children = (
				65D0CA7D21521F7600A3DB66 /* XYTextField.h */,
				65D0CA7E21521F7600A3DB66 /* XYTextField.m */,
				65F28A4C21631BA300C229B1 /* XYTextView.h */,
				65F28A4D21631BA300C229B1 /* XYTextView.m */,
				65D0CA832153439F00A3DB66 /* XYLineView.h */,
				65D0CA842153439F00A3DB66 /* XYLineView.m */,
				652FCBEE215D35BA009F41E8 /* XYErrorView.h */,
				652FCBEF215D35BA009F41E8 /* XYErrorView.m */,
				65D6BEC921609460002ABFDF /* XYTitleView.h */,
				65D6BECA21609460002ABFDF /* XYTitleView.m */,
			);
			path = CommonView;
			sourceTree = "<group>";
		};
		65D0CA8621536D5B00A3DB66 /* UIColor+Helper */ = {
			isa = PBXGroup;
			children = (
				65D0CA8721536D6E00A3DB66 /* UIColor+Helper.h */,
				65D0CA8821536D6E00A3DB66 /* UIColor+Helper.m */,
			);
			path = "UIColor+Helper";
			sourceTree = "<group>";
		};
		65D0CA92215487C200A3DB66 /* UILabel+Helper */ = {
			isa = PBXGroup;
			children = (
				65D0CA93215487CE00A3DB66 /* UILabel+Helper.h */,
				65D0CA94215487CE00A3DB66 /* UILabel+Helper.m */,
			);
			path = "UILabel+Helper";
			sourceTree = "<group>";
		};
		65D0CA9921548AA400A3DB66 /* UIButton+Helper */ = {
			isa = PBXGroup;
			children = (
				65D0CA9A21548AB100A3DB66 /* UIButton+Helper.h */,
				65D0CA9B21548AB100A3DB66 /* UIButton+Helper.m */,
			);
			path = "UIButton+Helper";
			sourceTree = "<group>";
		};
		65D6BECF2160C141002ABFDF /* Mine */ = {
			isa = PBXGroup;
			children = (
				655FA608216BA8AA009625B0 /* Model */,
				65D6BED32160C6A3002ABFDF /* View */,
				65D6BED02160C154002ABFDF /* MineViewController.h */,
				65D6BED12160C154002ABFDF /* MineViewController.m */,
				6526D15F21614A020074D358 /* MainReecordViewController.h */,
				6526D16021614A020074D358 /* MainReecordViewController.m */,
				65F28A4621628B8E00C229B1 /* RegisterEditViewController.h */,
				65F28A4721628B8E00C229B1 /* RegisterEditViewController.m */,
				65F28A4F21636F2E00C229B1 /* MineConnectionViewController.h */,
				65F28A5021636F2E00C229B1 /* MineConnectionViewController.m */,
				655FA5F521672160009625B0 /* NoticeViewController.h */,
				655FA5F621672160009625B0 /* NoticeViewController.m */,
				655FA5F8216B20CB009625B0 /* NoticeDetailViewController.h */,
				655FA5F9216B20CB009625B0 /* NoticeDetailViewController.m */,
			);
			path = Mine;
			sourceTree = "<group>";
		};
		65D6BED32160C6A3002ABFDF /* View */ = {
			isa = PBXGroup;
			children = (
				65D6BED42160C6B0002ABFDF /* MineTableViewCell.h */,
				65D6BED52160C6B0002ABFDF /* MineTableViewCell.m */,
				6526D16221614B8C0074D358 /* MainReecordTableViewCell.h */,
				6526D16321614B8C0074D358 /* MainReecordTableViewCell.m */,
				655FA5FB216B2167009625B0 /* NoticeTableViewCell.h */,
				655FA5FC216B2167009625B0 /* NoticeTableViewCell.m */,
			);
			path = View;
			sourceTree = "<group>";
		};
		65F870EE215B7F2800DD1F59 /* View */ = {
			isa = PBXGroup;
			children = (
				65F870EF215B7F3600DD1F59 /* FlightListTableViewCell.h */,
				65F870F0215B7F3600DD1F59 /* FlightListTableViewCell.m */,
				65F870FB215BB8E500DD1F59 /* CommonTableViewCell.h */,
				65F870FC215BB8E500DD1F59 /* CommonTableViewCell.m */,
				65F87111215CC6E600DD1F59 /* FlightListDetailTableViewCell.h */,
				65F87112215CC6E600DD1F59 /* FlightListDetailTableViewCell.m */,
				652FCC00215DC3E6009F41E8 /* FlightHeaderView.h */,
				652FCC01215DC3E6009F41E8 /* FlightHeaderView.m */,
			);
			path = View;
			sourceTree = "<group>";
		};
		65F87101215C840900DD1F59 /* Model */ = {
			isa = PBXGroup;
			children = (
				65F87102215C874800DD1F59 /* FlightFilterModel.h */,
				65F87103215C874800DD1F59 /* FlightFilterModel.m */,
				652FCC03215DD201009F41E8 /* FlightListModel.h */,
				652FCC04215DD201009F41E8 /* FlightListModel.m */,
			);
			path = Model;
			sourceTree = "<group>";
		};
		978D342F849E3CA3DEF5C5BF /* Frameworks */ = {
			isa = PBXGroup;
			children = (
				4307095D2F6D8C5CFEA11FE7 /* libPods-qingsonghuan.a */,
			);
			name = Frameworks;
			sourceTree = "<group>";
		};
		C3C59CE863CB23F8891A4D36 /* Pods */ = {
			isa = PBXGroup;
			children = (
				4234196DFA256330D83651D7 /* Pods-qingsonghuan.debug.xcconfig */,
				BF01A99C77AD457283247280 /* Pods-qingsonghuan.release.xcconfig */,
			);
			name = Pods;
			sourceTree = "<group>";
		};
/* End PBXGroup section */

/* Begin PBXNativeTarget section */
		65D0CA39214F9AFD00A3DB66 /* qingsonghuan */ = {
			isa = PBXNativeTarget;
			buildConfigurationList = 65D0CA50214F9B0000A3DB66 /* Build configuration list for PBXNativeTarget "qingsonghuan" */;
			buildPhases = (
				8275E5CE1FBD9D1CFD72BCE9 /* [CP] Check Pods Manifest.lock */,
				65D0CA36214F9AFD00A3DB66 /* Sources */,
				65D0CA37214F9AFD00A3DB66 /* Frameworks */,
				65D0CA38214F9AFD00A3DB66 /* Resources */,
				54D65D0D9EEB31175DBD2193 /* [CP] Embed Pods Frameworks */,
				E2C98B9AADBC3101AF4E4009 /* [CP] Copy Pods Resources */,
			);
			buildRules = (
			);
			dependencies = (
			);
			name = qingsonghuan;
			productName = qingsonghuan;
			productReference = 65D0CA3A214F9AFD00A3DB66 /* qingsonghuan.app */;
			productType = "com.apple.product-type.application";
		};
/* End PBXNativeTarget section */

/* Begin PBXProject section */
		65D0CA32214F9AFC00A3DB66 /* Project object */ = {
			isa = PBXProject;
			attributes = {
				LastUpgradeCheck = 0930;
				ORGANIZATIONNAME = XYBK;
				TargetAttributes = {
					65D0CA39214F9AFD00A3DB66 = {
						CreatedOnToolsVersion = 9.3;
					};
				};
			};
			buildConfigurationList = 65D0CA35214F9AFC00A3DB66 /* Build configuration list for PBXProject "qingsonghuan" */;
			compatibilityVersion = "Xcode 9.3";
			developmentRegion = en;
			hasScannedForEncodings = 0;
			knownRegions = (
				en,
				Base,
			);
			mainGroup = 65D0CA31214F9AFC00A3DB66;
			productRefGroup = 65D0CA3B214F9AFD00A3DB66 /* Products */;
			projectDirPath = "";
			projectRoot = "";
			targets = (
				65D0CA39214F9AFD00A3DB66 /* qingsonghuan */,
			);
		};
/* End PBXProject section */

/* Begin PBXResourcesBuildPhase section */
		65D0CA38214F9AFD00A3DB66 /* Resources */ = {
			isa = PBXResourcesBuildPhase;
			buildActionMask = 2147483647;
			files = (
				65D0CA47214F9B0000A3DB66 /* Assets.xcassets in Resources */,
				65F28A532164D72300C229B1 /* Main.storyboard in Resources */,
			);
			runOnlyForDeploymentPostprocessing = 0;
		};
/* End PBXResourcesBuildPhase section */

/* Begin PBXShellScriptBuildPhase section */
		54D65D0D9EEB31175DBD2193 /* [CP] Embed Pods Frameworks */ = {
			isa = PBXShellScriptBuildPhase;
			buildActionMask = 2147483647;
			files = (
			);
			inputPaths = (
			);
			name = "[CP] Embed Pods Frameworks";
			outputPaths = (
			);
			runOnlyForDeploymentPostprocessing = 0;
			shellPath = /bin/sh;
			shellScript = "\"${SRCROOT}/Pods/Target Support Files/Pods-qingsonghuan/Pods-qingsonghuan-frameworks.sh\"\n";
			showEnvVarsInLog = 0;
		};
		8275E5CE1FBD9D1CFD72BCE9 /* [CP] Check Pods Manifest.lock */ = {
			isa = PBXShellScriptBuildPhase;
			buildActionMask = 2147483647;
			files = (
			);
			inputPaths = (
			);
			name = "[CP] Check Pods Manifest.lock";
			outputPaths = (
			);
			runOnlyForDeploymentPostprocessing = 0;
			shellPath = /bin/sh;
			shellScript = "diff \"${PODS_PODFILE_DIR_PATH}/Podfile.lock\" \"${PODS_ROOT}/Manifest.lock\" > /dev/null\nif [ $? != 0 ] ; then\n    # print error to STDERR\n    echo \"error: The sandbox is not in sync with the Podfile.lock. Run 'pod install' or update your CocoaPods installation.\" >&2\n    exit 1\nfi\n";
			showEnvVarsInLog = 0;
		};
		E2C98B9AADBC3101AF4E4009 /* [CP] Copy Pods Resources */ = {
			isa = PBXShellScriptBuildPhase;
			buildActionMask = 2147483647;
			files = (
			);
			inputPaths = (
			);
			name = "[CP] Copy Pods Resources";
			outputPaths = (
			);
			runOnlyForDeploymentPostprocessing = 0;
			shellPath = /bin/sh;
			shellScript = "\"${SRCROOT}/Pods/Target Support Files/Pods-qingsonghuan/Pods-qingsonghuan-resources.sh\"\n";
			showEnvVarsInLog = 0;
		};
/* End PBXShellScriptBuildPhase section */

/* Begin PBXSourcesBuildPhase section */
		65D0CA36214F9AFD00A3DB66 /* Sources */ = {
			isa = PBXSourcesBuildPhase;
			buildActionMask = 2147483647;
			files = (
				65D0CA672151ECEE00A3DB66 /* NSDate+Helper.m in Sources */,
				65D0CA6C2151EEE000A3DB66 /* BaseViewController.m in Sources */,
				652C0D21215A351D00BD03FC /* RequestPath.m in Sources */,
				65F87104215C874800DD1F59 /* FlightFilterModel.m in Sources */,
				655FA5F421669976009625B0 /* UserListModel.m in Sources */,
				652FCBF0215D35BA009F41E8 /* XYErrorView.m in Sources */,
				65D6BEC521606F08002ABFDF /* MailReadlHeaderView.m in Sources */,
				65D0CA662151ECEE00A3DB66 /* NSString+Helper.m in Sources */,
				652FCC25215F5E39009F41E8 /* MailListModel.m in Sources */,
				652FCBF5215D3C99009F41E8 /* MJRefreshControl.m in Sources */,
				652C0D152159CB8800BD03FC /* FlightListViewController.m in Sources */,
				65F870F1215B7F3600DD1F59 /* FlightListTableViewCell.m in Sources */,
				652FCBFB215D3D3E009F41E8 /* XYPickerDateViewController.m in Sources */,
				65D6BEC821609229002ABFDF /* MailFlightView.m in Sources */,
				65D0CA95215487CE00A3DB66 /* UILabel+Helper.m in Sources */,
				655FA5D5216679A6009625B0 /* ManagerCommonTableViewCell.m in Sources */,
				65D0CA9C21548AB100A3DB66 /* UIButton+Helper.m in Sources */,
				65D6BEBF215FDE12002ABFDF /* MailReadViewController.m in Sources */,
				655FA5EB2166906B009625B0 /* AdviceDetailViewController.m in Sources */,
				65D0CA742151F08200A3DB66 /* LoginViewController.m in Sources */,
				652FCBFC215D3D3E009F41E8 /* XYPickerViewController.m in Sources */,
				652FCC05215DD201009F41E8 /* FlightListModel.m in Sources */,
				652FCC02215DC3E6009F41E8 /* FlightHeaderView.m in Sources */,
				65D0CA9F2154B80D00A3DB66 /* ForgetViewController.m in Sources */,
				65D0CA7F21521F7600A3DB66 /* XYTextField.m in Sources */,
				655FA5DF2166867E009625B0 /* DeviceTableViewCell.m in Sources */,
				65D6BECB21609460002ABFDF /* XYTitleView.m in Sources */,
				655FA5FA216B20CB009625B0 /* NoticeDetailViewController.m in Sources */,
				65F28A4E21631BA300C229B1 /* XYTextView.m in Sources */,
				655FA5F721672160009625B0 /* NoticeViewController.m in Sources */,
				65F87116215CD69200DD1F59 /* FlightSubmitViewController.m in Sources */,
				65F870F7215B90DF00DD1F59 /* FlightFilterViewController.m in Sources */,
				65D0CA652151ECEE00A3DB66 /* MBProgressHUD+Helper.m in Sources */,
				655FA5DC21668320009625B0 /* DeviceViewController.m in Sources */,
				655FA5D921667C11009625B0 /* ManagerCommonModel.m in Sources */,
				65D0CA82215233AC00A3DB66 /* RegisterViewController.m in Sources */,
				65F28A4B2163198F00C229B1 /* MailWriteViewController.m in Sources */,
				65D6BED22160C154002ABFDF /* MineViewController.m in Sources */,
				65D6BED62160C6B0002ABFDF /* MineTableViewCell.m in Sources */,
				65D0CA98215489F700A3DB66 /* BaseMultiViewController.m in Sources */,
				65F870FD215BB8E500DD1F59 /* CommonTableViewCell.m in Sources */,
				652FCBFF215D3D63009F41E8 /* XYPickerHeaderView.m in Sources */,
				652FCC21215F5AFB009F41E8 /* MailListTableViewCell.m in Sources */,
				652FCC0F215E089B009F41E8 /* RegisterModel.m in Sources */,
				6526D16121614A020074D358 /* MainReecordViewController.m in Sources */,
				652C0D192159CC3F00BD03FC /* UserModel.m in Sources */,
				65D0CA4D214F9B0000A3DB66 /* main.m in Sources */,
				65D6BECE2160A03F002ABFDF /* MailReadModel.m in Sources */,
				652FCC15215F159A009F41E8 /* RegNeedInfoModel.m in Sources */,
				65F28A5121636F2E00C229B1 /* MineConnectionViewController.m in Sources */,
				652C0D112158228300BD03FC /* XYNetworking.m in Sources */,
				655FA60B216BA8B8009625B0 /* NoticeListModel.m in Sources */,
				655FA5E5216688A1009625B0 /* AdviceTableViewCell.m in Sources */,
				655FA5EE2166937B009625B0 /* UserListViewController.m in Sources */,
				65D0CA3F214F9AFD00A3DB66 /* AppDelegate.m in Sources */,
				65D0CA6F2151EF0B00A3DB66 /* CustomNavigationViewController.m in Sources */,
				652FCC09215DF5B3009F41E8 /* RegisterTableViewCell.m in Sources */,
				655FA5D221667854009625B0 /* RegNumberViewController.m in Sources */,
				65F87110215CC5FB00DD1F59 /* FlightListDetailViewController.m in Sources */,
				655FA5CF21667678009625B0 /* ManagerTableViewCell.m in Sources */,
				655FA5FD216B2167009625B0 /* NoticeTableViewCell.m in Sources */,
				652C0D29215A871900BD03FC /* SendCodeModel.m in Sources */,
				652FCC19215F1608009F41E8 /* XYAlertViewTool.m in Sources */,
				655FA5F12166941E009625B0 /* UserListTableViewCell.m in Sources */,
				65D0CA8921536D6E00A3DB66 /* UIColor+Helper.m in Sources */,
				652FCC1D215F5A75009F41E8 /* MailListViewController.m in Sources */,
				65D0CA682151ECEE00A3DB66 /* UIView+Helper.m in Sources */,
				65F87113215CC6E600DD1F59 /* FlightListDetailTableViewCell.m in Sources */,
				6526D16421614B8C0074D358 /* MainReecordTableViewCell.m in Sources */,
				655FA5E821668BB7009625B0 /* AdviceListModel.m in Sources */,
				655FA5E22166885F009625B0 /* AdviceViewController.m in Sources */,
				65D0CA852153439F00A3DB66 /* XYLineView.m in Sources */,
				65F28A4821628B8E00C229B1 /* RegisterEditViewController.m in Sources */,
				655FA5CB21662350009625B0 /* ManagerViewController.m in Sources */,
			);
			runOnlyForDeploymentPostprocessing = 0;
		};
/* End PBXSourcesBuildPhase section */

/* Begin XCBuildConfiguration section */
		65D0CA4E214F9B0000A3DB66 /* Debug */ = {
			isa = XCBuildConfiguration;
			buildSettings = {
				ALWAYS_SEARCH_USER_PATHS = NO;
				CLANG_ANALYZER_NONNULL = YES;
				CLANG_ANALYZER_NUMBER_OBJECT_CONVERSION = YES_AGGRESSIVE;
				CLANG_CXX_LANGUAGE_STANDARD = "gnu++14";
				CLANG_CXX_LIBRARY = "libc++";
				CLANG_ENABLE_MODULES = YES;
				CLANG_ENABLE_OBJC_ARC = YES;
				CLANG_ENABLE_OBJC_WEAK = YES;
				CLANG_WARN_BLOCK_CAPTURE_AUTORELEASING = YES;
				CLANG_WARN_BOOL_CONVERSION = YES;
				CLANG_WARN_COMMA = YES;
				CLANG_WARN_CONSTANT_CONVERSION = YES;
				CLANG_WARN_DEPRECATED_OBJC_IMPLEMENTATIONS = YES;
				CLANG_WARN_DIRECT_OBJC_ISA_USAGE = YES_ERROR;
				CLANG_WARN_DOCUMENTATION_COMMENTS = YES;
				CLANG_WARN_EMPTY_BODY = YES;
				CLANG_WARN_ENUM_CONVERSION = YES;
				CLANG_WARN_INFINITE_RECURSION = YES;
				CLANG_WARN_INT_CONVERSION = YES;
				CLANG_WARN_NON_LITERAL_NULL_CONVERSION = YES;
				CLANG_WARN_OBJC_IMPLICIT_RETAIN_SELF = YES;
				CLANG_WARN_OBJC_LITERAL_CONVERSION = YES;
				CLANG_WARN_OBJC_ROOT_CLASS = YES_ERROR;
				CLANG_WARN_RANGE_LOOP_ANALYSIS = YES;
				CLANG_WARN_STRICT_PROTOTYPES = YES;
				CLANG_WARN_SUSPICIOUS_MOVE = YES;
				CLANG_WARN_UNGUARDED_AVAILABILITY = YES_AGGRESSIVE;
				CLANG_WARN_UNREACHABLE_CODE = YES;
				CLANG_WARN__DUPLICATE_METHOD_MATCH = YES;
				CODE_SIGN_IDENTITY = "iPhone Developer";
				COPY_PHASE_STRIP = NO;
				DEBUG_INFORMATION_FORMAT = dwarf;
				ENABLE_STRICT_OBJC_MSGSEND = YES;
				ENABLE_TESTABILITY = YES;
				GCC_C_LANGUAGE_STANDARD = gnu11;
				GCC_DYNAMIC_NO_PIC = NO;
				GCC_NO_COMMON_BLOCKS = YES;
				GCC_OPTIMIZATION_LEVEL = 0;
				GCC_PREPROCESSOR_DEFINITIONS = (
					"DEBUG=1",
					"$(inherited)",
				);
				GCC_WARN_64_TO_32_BIT_CONVERSION = YES;
				GCC_WARN_ABOUT_RETURN_TYPE = YES_ERROR;
				GCC_WARN_UNDECLARED_SELECTOR = YES;
				GCC_WARN_UNINITIALIZED_AUTOS = YES_AGGRESSIVE;
				GCC_WARN_UNUSED_FUNCTION = YES;
				GCC_WARN_UNUSED_VARIABLE = YES;
				IPHONEOS_DEPLOYMENT_TARGET = 11.3;
				MTL_ENABLE_DEBUG_INFO = YES;
				ONLY_ACTIVE_ARCH = YES;
				SDKROOT = iphoneos;
			};
			name = Debug;
		};
		65D0CA4F214F9B0000A3DB66 /* Release */ = {
			isa = XCBuildConfiguration;
			buildSettings = {
				ALWAYS_SEARCH_USER_PATHS = NO;
				CLANG_ANALYZER_NONNULL = YES;
				CLANG_ANALYZER_NUMBER_OBJECT_CONVERSION = YES_AGGRESSIVE;
				CLANG_CXX_LANGUAGE_STANDARD = "gnu++14";
				CLANG_CXX_LIBRARY = "libc++";
				CLANG_ENABLE_MODULES = YES;
				CLANG_ENABLE_OBJC_ARC = YES;
				CLANG_ENABLE_OBJC_WEAK = YES;
				CLANG_WARN_BLOCK_CAPTURE_AUTORELEASING = YES;
				CLANG_WARN_BOOL_CONVERSION = YES;
				CLANG_WARN_COMMA = YES;
				CLANG_WARN_CONSTANT_CONVERSION = YES;
				CLANG_WARN_DEPRECATED_OBJC_IMPLEMENTATIONS = YES;
				CLANG_WARN_DIRECT_OBJC_ISA_USAGE = YES_ERROR;
				CLANG_WARN_DOCUMENTATION_COMMENTS = YES;
				CLANG_WARN_EMPTY_BODY = YES;
				CLANG_WARN_ENUM_CONVERSION = YES;
				CLANG_WARN_INFINITE_RECURSION = YES;
				CLANG_WARN_INT_CONVERSION = YES;
				CLANG_WARN_NON_LITERAL_NULL_CONVERSION = YES;
				CLANG_WARN_OBJC_IMPLICIT_RETAIN_SELF = YES;
				CLANG_WARN_OBJC_LITERAL_CONVERSION = YES;
				CLANG_WARN_OBJC_ROOT_CLASS = YES_ERROR;
				CLANG_WARN_RANGE_LOOP_ANALYSIS = YES;
				CLANG_WARN_STRICT_PROTOTYPES = YES;
				CLANG_WARN_SUSPICIOUS_MOVE = YES;
				CLANG_WARN_UNGUARDED_AVAILABILITY = YES_AGGRESSIVE;
				CLANG_WARN_UNREACHABLE_CODE = YES;
				CLANG_WARN__DUPLICATE_METHOD_MATCH = YES;
				CODE_SIGN_IDENTITY = "iPhone Developer";
				COPY_PHASE_STRIP = NO;
				DEBUG_INFORMATION_FORMAT = "dwarf-with-dsym";
				ENABLE_NS_ASSERTIONS = NO;
				ENABLE_STRICT_OBJC_MSGSEND = YES;
				GCC_C_LANGUAGE_STANDARD = gnu11;
				GCC_NO_COMMON_BLOCKS = YES;
				GCC_WARN_64_TO_32_BIT_CONVERSION = YES;
				GCC_WARN_ABOUT_RETURN_TYPE = YES_ERROR;
				GCC_WARN_UNDECLARED_SELECTOR = YES;
				GCC_WARN_UNINITIALIZED_AUTOS = YES_AGGRESSIVE;
				GCC_WARN_UNUSED_FUNCTION = YES;
				GCC_WARN_UNUSED_VARIABLE = YES;
				IPHONEOS_DEPLOYMENT_TARGET = 11.3;
				MTL_ENABLE_DEBUG_INFO = NO;
				SDKROOT = iphoneos;
				VALIDATE_PRODUCT = YES;
			};
			name = Release;
		};
		65D0CA51214F9B0000A3DB66 /* Debug */ = {
			isa = XCBuildConfiguration;
			baseConfigurationReference = 4234196DFA256330D83651D7 /* Pods-qingsonghuan.debug.xcconfig */;
			buildSettings = {
				ASSETCATALOG_COMPILER_APPICON_NAME = AppIcon;
				CODE_SIGN_STYLE = Automatic;
				DEVELOPMENT_TEAM = S6WDL2GZYL;
				GCC_PREFIX_HEADER = "$(SRCROOT)/qingsonghuan/Macros/PrefixHeader.pch";
				INFOPLIST_FILE = qingsonghuan/Info.plist;
				IPHONEOS_DEPLOYMENT_TARGET = 8.0;
				LD_RUNPATH_SEARCH_PATHS = (
					"$(inherited)",
					"@executable_path/Frameworks",
				);
				PRODUCT_BUNDLE_IDENTIFIER = com.shengda.MingDuoHotelApp;
				PRODUCT_NAME = "$(TARGET_NAME)";
				TARGETED_DEVICE_FAMILY = 1;
			};
			name = Debug;
		};
		65D0CA52214F9B0000A3DB66 /* Release */ = {
			isa = XCBuildConfiguration;
			baseConfigurationReference = BF01A99C77AD457283247280 /* Pods-qingsonghuan.release.xcconfig */;
			buildSettings = {
				ASSETCATALOG_COMPILER_APPICON_NAME = AppIcon;
				CODE_SIGN_STYLE = Automatic;
				DEVELOPMENT_TEAM = S6WDL2GZYL;
				GCC_PREFIX_HEADER = "$(SRCROOT)/qingsonghuan/Macros/PrefixHeader.pch";
				INFOPLIST_FILE = qingsonghuan/Info.plist;
				IPHONEOS_DEPLOYMENT_TARGET = 8.0;
				LD_RUNPATH_SEARCH_PATHS = (
					"$(inherited)",
					"@executable_path/Frameworks",
				);
				PRODUCT_BUNDLE_IDENTIFIER = com.shengda.MingDuoHotelApp;
				PRODUCT_NAME = "$(TARGET_NAME)";
				TARGETED_DEVICE_FAMILY = 1;
			};
			name = Release;
		};
/* End XCBuildConfiguration section */

/* Begin XCConfigurationList section */
		65D0CA35214F9AFC00A3DB66 /* Build configuration list for PBXProject "qingsonghuan" */ = {
			isa = XCConfigurationList;
			buildConfigurations = (
				65D0CA4E214F9B0000A3DB66 /* Debug */,
				65D0CA4F214F9B0000A3DB66 /* Release */,
			);
			defaultConfigurationIsVisible = 0;
			defaultConfigurationName = Release;
		};
		65D0CA50214F9B0000A3DB66 /* Build configuration list for PBXNativeTarget "qingsonghuan" */ = {
			isa = XCConfigurationList;
			buildConfigurations = (
				65D0CA51214F9B0000A3DB66 /* Debug */,
				65D0CA52214F9B0000A3DB66 /* Release */,
			);
			defaultConfigurationIsVisible = 0;
			defaultConfigurationName = Release;
		};
/* End XCConfigurationList section */
	};
	rootObject = 65D0CA32214F9AFC00A3DB66 /* Project object */;
}
